PODS:
  - AFNetworking (2.5.4):
    - AFNetworking/NSURLConnection (= 2.5.4)
    - AFNetworking/NSURLSession (= 2.5.4)
    - AFNetworking/Reachability (= 2.5.4)
    - AFNetworking/Security (= 2.5.4)
    - AFNetworking/Serialization (= 2.5.4)
    - AFNetworking/UIKit (= 2.5.4)
  - AFNetworking/NSURLConnection (2.5.4):
    - AFNetworking/Reachability
    - AFNetworking/Security
    - AFNetworking/Serialization
  - AFNetworking/NSURLSession (2.5.4):
    - AFNetworking/Reachability
    - AFNetworking/Security
    - AFNetworking/Serialization
  - AFNetworking/Reachability (2.5.4)
  - AFNetworking/Security (2.5.4)
  - AFNetworking/Serialization (2.5.4)
  - AFNetworking/UIKit (2.5.4):
    - AFNetworking/NSURLConnection
    - AFNetworking/NSURLSession
  - DTCoreText (1.6.16):
    - DTFoundation/Core (~> 1.7.5)
    - DTFoundation/DTAnimatedGIF (~> 1.7.5)
    - DTFoundation/DTHTMLParser (~> 1.7.5)
    - DTFoundation/UIKit (~> 1.7.5)
  - DTFoundation/Core (1.7.6)
  - DTFoundation/DTAnimatedGIF (1.7.6)
  - DTFoundation/DTHTMLParser (1.7.6):
    - DTFoundation/Core
  - DTFoundation/UIKit (1.7.6):
    - DTFoundation/Core
  - Masonry (0.6.2)
  - MJRefresh (2.2.0)
  - RegexKitLite (4.0)
  - SDWebImage (3.7.2):
    - SDWebImage/Core (= 3.7.2)
  - SDWebImage/Core (3.7.2)

DEPENDENCIES:
  - AFNetworking (~> 2.5.4)
  - DTCoreText (~> 1.6.16)
  - Masonry (~> 0.6.2)
  - MJRefresh (~> 2.2.0)
  - RegexKitLite (~> 4.0)
  - SDWebImage (~> 3.7.2)

SPEC CHECKSUMS:
  AFNetworking: 05edc0ac4c4c8cf57bcf4b84be5b0744b6d8e71e
  DTCoreText: 934a16fe9ffdd169c96261721b39dc312b75713d
  DTFoundation: bf431de2292484461ff7d92295fdae7dc15a3820
  Masonry: 362e8a1cc0beada4a4c4832d5e863da2a51533be
  MJRefresh: 65a2bf14abb6feeaed8696aa1551f70e15ab0a08
  RegexKitLite: c0e4c12e6e7de0769f3a3ed679f0f61604170661
  SDWebImage: 71b7cdc1d1721d6a82ed62889030225f2c249e29

COCOAPODS: 0.35.0
